<Solution>
  <Folder Name="/Solution Items/">
    <File Path=".gitignore" />
    <File Path="appveyor.yml" />
    <File Path="Directory.Build.props" />
    <File Path="NuGet.config" />
  </Folder>
  <Folder Name="/Tests/">
    <Project Path="Tests/CK.DB.User.UserPassword.Tests/CK.DB.User.UserPassword.Tests.csproj" />
    <Project Path="Tests/CK.DB.User.UserPassword.EMailLogin.Tests/CK.DB.User.UserPassword.EMailLogin.Tests.csproj" />
    <Project Path="Tests/CK.DB.User.UserPassword.Reset.Tests/CK.DB.User.UserPassword.Reset.Tests.csproj" />
  </Folder>
  <Project Path="CK.DB.User.UserPassword/CK.DB.User.UserPassword.csproj" />
  <Project Path="CK.DB.User.UserPassword.EMailLogin/CK.DB.User.UserPassword.EMailLogin.csproj" />
  <Project Path="CK.DB.User.UserPassword.Reset/CK.DB.User.UserPassword.Reset.csproj" />
  <Project Path="CK.IO.User.UserPassword/CK.IO.User.UserPassword.csproj" />
  <Project Path="CK.IO.User.UserPassword.Reset/CK.IO.User.UserPassword.Reset.csproj" />
</Solution>